
Microsoft Visual Studio Solution File, Format Version 12.00
# Visual Studio 2012
Project("{FAE04EC0-301F-11D3-BF4B-00C04F79EFBC}") = "MercadinhoRFID", "MercadinhoRFID\MercadinhoRFID.csproj", "{62D26385-8374-4935-8BE5-EBC25D241E2B}"
EndProject
Project("{FAE04EC0-301F-11D3-BF4B-00C04F79EFBC}") = "MercadinhoRFID.Monitor", "MercadinhoRFID.Monitor\MercadinhoRFID.Monitor.csproj", "{42EE30A8-B83E-486D-AABC-E8348D354C7C}"
EndProject
Global
	GlobalSection(SolutionConfigurationPlatforms) = preSolution
		Debug|Any CPU = Debug|Any CPU
		Release|Any CPU = Release|Any CPU
	EndGlobalSection
	GlobalSection(ProjectConfigurationPlatforms) = postSolution
		{62D26385-8374-4935-8BE5-EBC25D241E2B}.Debug|Any CPU.ActiveCfg = Debug|Any CPU
		{62D26385-8374-4935-8BE5-EBC25D241E2B}.Debug|Any CPU.Build.0 = Debug|Any CPU
		{62D26385-8374-4935-8BE5-EBC25D241E2B}.Release|Any CPU.ActiveCfg = Release|Any CPU
		{62D26385-8374-4935-8BE5-EBC25D241E2B}.Release|Any CPU.Build.0 = Release|Any CPU
		{42EE30A8-B83E-486D-AABC-E8348D354C7C}.Debug|Any CPU.ActiveCfg = Debug|Any CPU
		{42EE30A8-B83E-486D-AABC-E8348D354C7C}.Debug|Any CPU.Build.0 = Debug|Any CPU
		{42EE30A8-B83E-486D-AABC-E8348D354C7C}.Release|Any CPU.ActiveCfg = Release|Any CPU
		{42EE30A8-B83E-486D-AABC-E8348D354C7C}.Release|Any CPU.Build.0 = Release|Any CPU
	EndGlobalSection
	GlobalSection(SolutionProperties) = preSolution
		HideSolutionNode = FALSE
	EndGlobalSection
EndGlobal
